// !$*UTF8*$!
{
	archiveVersion = 1;
	classes = {
	};
	objectVersion = 51;
	objects = {

/* Begin PBXBuildFile section */
		EB31FA0328D6B0083FF77AAC /* Pods_OMDb.framework in Frameworks */ = {isa = PBXBuildFile; fileRef = 5D296A0F2D56196C2D1767F8 /* Pods_OMDb.framework */; };
		FB23601F243971F000601D8E /* PropertyCollectionViewCell.swift in Sources */ = {isa = PBXBuildFile; fileRef = FB23601E243971F000601D8E /* PropertyCollectionViewCell.swift */; };
		FB2360212439815B00601D8E /* MapSearcher.swift in Sources */ = {isa = PBXBuildFile; fileRef = FB2360202439815B00601D8E /* MapSearcher.swift */; };
		FB346479245787BC008C4E1B /* IntroViewController.swift in Sources */ = {isa = PBXBuildFile; fileRef = FB346478245787BC008C4E1B /* IntroViewController.swift */; };
		FB34647C24579AFD008C4E1B /* TextFactory.swift in Sources */ = {isa = PBXBuildFile; fileRef = FB34647B24579AFD008C4E1B /* TextFactory.swift */; };
		FB3464802457AE64008C4E1B /* FeatureTextBox.xib in Resources */ = {isa = PBXBuildFile; fileRef = FB34647F2457AE64008C4E1B /* FeatureTextBox.xib */; };
		FB3464822457B13F008C4E1B /* FeatureTextBox.swift in Sources */ = {isa = PBXBuildFile; fileRef = FB3464812457B13F008C4E1B /* FeatureTextBox.swift */; };
		FB3464842457B335008C4E1B /* TextFactoryTextBox.swift in Sources */ = {isa = PBXBuildFile; fileRef = FB3464832457B335008C4E1B /* TextFactoryTextBox.swift */; };
		FB3464862457CD87008C4E1B /* NormalButton.xib in Resources */ = {isa = PBXBuildFile; fileRef = FB3464852457CD87008C4E1B /* NormalButton.xib */; };
		FB34648A2457CDED008C4E1B /* NormalButton.swift in Sources */ = {isa = PBXBuildFile; fileRef = FB3464892457CDED008C4E1B /* NormalButton.swift */; };
		FB34648C2457CE4F008C4E1B /* FactoryButton.swift in Sources */ = {isa = PBXBuildFile; fileRef = FB34648B2457CE4F008C4E1B /* FactoryButton.swift */; };
		FB34648F2458A3CE008C4E1B /* ProfileUserNotLogged.xib in Resources */ = {isa = PBXBuildFile; fileRef = FB34648E2458A3CE008C4E1B /* ProfileUserNotLogged.xib */; };
		FB3464912458A3DF008C4E1B /* ProfileUserNotLogged.swift in Sources */ = {isa = PBXBuildFile; fileRef = FB3464902458A3DF008C4E1B /* ProfileUserNotLogged.swift */; };
		FB35A28F2450B5DA0021B880 /* GoogleService-Info.plist in Resources */ = {isa = PBXBuildFile; fileRef = FB35A28E2450B5DA0021B880 /* GoogleService-Info.plist */; };
		FB3AA5A324391A1A00905753 /* ImageProvider.swift in Sources */ = {isa = PBXBuildFile; fileRef = FB3AA5A224391A1A00905753 /* ImageProvider.swift */; };
		FB78A529244F7899004BCB30 /* credentials.plist in Resources */ = {isa = PBXBuildFile; fileRef = FB78A528244F7898004BCB30 /* credentials.plist */; };
		FB78A52B244F9847004BCB30 /* ProfileViewController.swift in Sources */ = {isa = PBXBuildFile; fileRef = FB78A52A244F9847004BCB30 /* ProfileViewController.swift */; };
		FB78A52D244F9988004BCB30 /* Profile.swift in Sources */ = {isa = PBXBuildFile; fileRef = FB78A52C244F9988004BCB30 /* Profile.swift */; };
		FB78A52F244F9A22004BCB30 /* Session.swift in Sources */ = {isa = PBXBuildFile; fileRef = FB78A52E244F9A22004BCB30 /* Session.swift */; };
		FB78A532244FA124004BCB30 /* SessionBarButtonItem.swift in Sources */ = {isa = PBXBuildFile; fileRef = FB78A531244FA124004BCB30 /* SessionBarButtonItem.swift */; };
		FB78A535244FB9CB004BCB30 /* UserPresenters.swift in Sources */ = {isa = PBXBuildFile; fileRef = FB78A534244FB9CA004BCB30 /* UserPresenters.swift */; };
		FB7E21F42460B6FB00F0BD6D /* ProfileLoggedView.xib in Resources */ = {isa = PBXBuildFile; fileRef = FB7E21F32460B6FB00F0BD6D /* ProfileLoggedView.xib */; };
		FB8203A82460BE23006648E1 /* ProfileHeader.xib in Resources */ = {isa = PBXBuildFile; fileRef = FB8203A72460BE23006648E1 /* ProfileHeader.xib */; };
		FB8203AA2460BE34006648E1 /* ProfileHeader.swift in Sources */ = {isa = PBXBuildFile; fileRef = FB8203A92460BE34006648E1 /* ProfileHeader.swift */; };
		FB8203AC2460C45F006648E1 /* ProfileHeaderPresenter.swift in Sources */ = {isa = PBXBuildFile; fileRef = FB8203AB2460C45F006648E1 /* ProfileHeaderPresenter.swift */; };
		FB8203AE2460C9E0006648E1 /* ProfilePresenter.swift in Sources */ = {isa = PBXBuildFile; fileRef = FB8203AD2460C9E0006648E1 /* ProfilePresenter.swift */; };
		FB835AE92439370D00966925 /* UpdaterResults.swift in Sources */ = {isa = PBXBuildFile; fileRef = FB835AE82439370D00966925 /* UpdaterResults.swift */; };
		FB835AEB2439380400966925 /* OMDB+UISearchBarDelegate.swift in Sources */ = {isa = PBXBuildFile; fileRef = FB835AEA2439380400966925 /* OMDB+UISearchBarDelegate.swift */; };
		FB835AED243952CD00966925 /* LayoutBarButton.swift in Sources */ = {isa = PBXBuildFile; fileRef = FB835AEC243952CD00966925 /* LayoutBarButton.swift */; };
		FB88E4342460CCC700A4E0EC /* ProfileUserNotLoggedPresenter.swift in Sources */ = {isa = PBXBuildFile; fileRef = FB88E4332460CCC700A4E0EC /* ProfileUserNotLoggedPresenter.swift */; };
		FBAB3F4E2460B3F40082E933 /* ProfileLoggedView.swift in Sources */ = {isa = PBXBuildFile; fileRef = FBAB3F4D2460B3F40082E933 /* ProfileLoggedView.swift */; };
		FBD76B6624395AC200F81F9A /* DetailMediaViewController.swift in Sources */ = {isa = PBXBuildFile; fileRef = FBD76B6524395AC200F81F9A /* DetailMediaViewController.swift */; };
		FBE7DFF42438E488007514C1 /* AppDelegate.swift in Sources */ = {isa = PBXBuildFile; fileRef = FBE7DFF32438E488007514C1 /* AppDelegate.swift */; };
		FBE7DFF62438E488007514C1 /* SceneDelegate.swift in Sources */ = {isa = PBXBuildFile; fileRef = FBE7DFF52438E488007514C1 /* SceneDelegate.swift */; };
		FBE7DFF82438E488007514C1 /* ViewController.swift in Sources */ = {isa = PBXBuildFile; fileRef = FBE7DFF72438E488007514C1 /* ViewController.swift */; };
		FBE7DFFB2438E488007514C1 /* Main.storyboard in Resources */ = {isa = PBXBuildFile; fileRef = FBE7DFF92438E488007514C1 /* Main.storyboard */; };
		FBE7DFFD2438E489007514C1 /* Assets.xcassets in Resources */ = {isa = PBXBuildFile; fileRef = FBE7DFFC2438E489007514C1 /* Assets.xcassets */; };
		FBE7E0002438E489007514C1 /* LaunchScreen.storyboard in Resources */ = {isa = PBXBuildFile; fileRef = FBE7DFFE2438E489007514C1 /* LaunchScreen.storyboard */; };
		FBE7E00B2438E48A007514C1 /* OMDbTests.swift in Sources */ = {isa = PBXBuildFile; fileRef = FBE7E00A2438E48A007514C1 /* OMDbTests.swift */; };
		FBE7E0182438E590007514C1 /* RequestFactory.swift in Sources */ = {isa = PBXBuildFile; fileRef = FBE7E0172438E590007514C1 /* RequestFactory.swift */; };
		FBE7E01A2438E5B8007514C1 /* API_Interface.swift in Sources */ = {isa = PBXBuildFile; fileRef = FBE7E0192438E5B8007514C1 /* API_Interface.swift */; };
		FBE7E01C2438E653007514C1 /* OMBDB_API.swift in Sources */ = {isa = PBXBuildFile; fileRef = FBE7E01B2438E653007514C1 /* OMBDB_API.swift */; };
		FBE7E0202438F125007514C1 /* Media.swift in Sources */ = {isa = PBXBuildFile; fileRef = FBE7E01F2438F125007514C1 /* Media.swift */; };
		FBE7E0232439002C007514C1 /* OmdbRequestsFactory.swift in Sources */ = {isa = PBXBuildFile; fileRef = FBE7E0222439002C007514C1 /* OmdbRequestsFactory.swift */; };
		FBE7E0262439044A007514C1 /* sampleMedia.json in Resources */ = {isa = PBXBuildFile; fileRef = FBE7E0252439044A007514C1 /* sampleMedia.json */; };
		FBE7E029243907DC007514C1 /* ColumnFlowLayout.swift in Sources */ = {isa = PBXBuildFile; fileRef = FBE7E028243907DC007514C1 /* ColumnFlowLayout.swift */; };
		FBE7E02D24390A6D007514C1 /* MediaViewCollectionViewCell.xib in Resources */ = {isa = PBXBuildFile; fileRef = FBE7E02C24390A6D007514C1 /* MediaViewCollectionViewCell.xib */; };
		FBE7E02F24390AD9007514C1 /* MediaViewCollectionViewCell.swift in Sources */ = {isa = PBXBuildFile; fileRef = FBE7E02E24390AD9007514C1 /* MediaViewCollectionViewCell.swift */; };
		FED40BAEB8B5BB511FBB9667 /* Pods_OMDbTests.framework in Frameworks */ = {isa = PBXBuildFile; fileRef = F992DAE4978C5FA12596E141 /* Pods_OMDbTests.framework */; };
/* End PBXBuildFile section */

/* Begin PBXContainerItemProxy section */
		FBE7E0072438E48A007514C1 /* PBXContainerItemProxy */ = {
			isa = PBXContainerItemProxy;
			containerPortal = FBE7DFE82438E488007514C1 /* Project object */;
			proxyType = 1;
			remoteGlobalIDString = FBE7DFEF2438E488007514C1;
			remoteInfo = OMDb;
		};
/* End PBXContainerItemProxy section */

/* Begin PBXFileReference section */
		5D296A0F2D56196C2D1767F8 /* Pods_OMDb.framework */ = {isa = PBXFileReference; explicitFileType = wrapper.framework; includeInIndex = 0; path = Pods_OMDb.framework; sourceTree = BUILT_PRODUCTS_DIR; };
		6250E04733D87AE77E257383 /* Pods-OMDbTests.debug.xcconfig */ = {isa = PBXFileReference; includeInIndex = 1; lastKnownFileType = text.xcconfig; name = "Pods-OMDbTests.debug.xcconfig"; path = "Target Support Files/Pods-OMDbTests/Pods-OMDbTests.debug.xcconfig"; sourceTree = "<group>"; };
		A601F45608810D4A204186D2 /* Pods-OMDb.debug.xcconfig */ = {isa = PBXFileReference; includeInIndex = 1; lastKnownFileType = text.xcconfig; name = "Pods-OMDb.debug.xcconfig"; path = "Target Support Files/Pods-OMDb/Pods-OMDb.debug.xcconfig"; sourceTree = "<group>"; };
		E50909DE805132C947C1BCDD /* Pods-OMDbTests.release.xcconfig */ = {isa = PBXFileReference; includeInIndex = 1; lastKnownFileType = text.xcconfig; name = "Pods-OMDbTests.release.xcconfig"; path = "Target Support Files/Pods-OMDbTests/Pods-OMDbTests.release.xcconfig"; sourceTree = "<group>"; };
		F2CAFA0199CE3D3FBB82B507 /* Pods-OMDb.release.xcconfig */ = {isa = PBXFileReference; includeInIndex = 1; lastKnownFileType = text.xcconfig; name = "Pods-OMDb.release.xcconfig"; path = "Target Support Files/Pods-OMDb/Pods-OMDb.release.xcconfig"; sourceTree = "<group>"; };
		F992DAE4978C5FA12596E141 /* Pods_OMDbTests.framework */ = {isa = PBXFileReference; explicitFileType = wrapper.framework; includeInIndex = 0; path = Pods_OMDbTests.framework; sourceTree = BUILT_PRODUCTS_DIR; };
		FB23601E243971F000601D8E /* PropertyCollectionViewCell.swift */ = {isa = PBXFileReference; lastKnownFileType = sourcecode.swift; path = PropertyCollectionViewCell.swift; sourceTree = "<group>"; };
		FB2360202439815B00601D8E /* MapSearcher.swift */ = {isa = PBXFileReference; lastKnownFileType = sourcecode.swift; path = MapSearcher.swift; sourceTree = "<group>"; };
		FB346478245787BC008C4E1B /* IntroViewController.swift */ = {isa = PBXFileReference; lastKnownFileType = sourcecode.swift; path = IntroViewController.swift; sourceTree = "<group>"; };
		FB34647B24579AFD008C4E1B /* TextFactory.swift */ = {isa = PBXFileReference; lastKnownFileType = sourcecode.swift; path = TextFactory.swift; sourceTree = "<group>"; };
		FB34647F2457AE64008C4E1B /* FeatureTextBox.xib */ = {isa = PBXFileReference; lastKnownFileType = file.xib; path = FeatureTextBox.xib; sourceTree = "<group>"; };
		FB3464812457B13F008C4E1B /* FeatureTextBox.swift */ = {isa = PBXFileReference; lastKnownFileType = sourcecode.swift; path = FeatureTextBox.swift; sourceTree = "<group>"; };
		FB3464832457B335008C4E1B /* TextFactoryTextBox.swift */ = {isa = PBXFileReference; lastKnownFileType = sourcecode.swift; path = TextFactoryTextBox.swift; sourceTree = "<group>"; };
		FB3464852457CD87008C4E1B /* NormalButton.xib */ = {isa = PBXFileReference; lastKnownFileType = file.xib; path = NormalButton.xib; sourceTree = "<group>"; };
		FB3464892457CDED008C4E1B /* NormalButton.swift */ = {isa = PBXFileReference; lastKnownFileType = sourcecode.swift; path = NormalButton.swift; sourceTree = "<group>"; };
		FB34648B2457CE4F008C4E1B /* FactoryButton.swift */ = {isa = PBXFileReference; lastKnownFileType = sourcecode.swift; path = FactoryButton.swift; sourceTree = "<group>"; };
		FB34648E2458A3CE008C4E1B /* ProfileUserNotLogged.xib */ = {isa = PBXFileReference; lastKnownFileType = file.xib; path = ProfileUserNotLogged.xib; sourceTree = "<group>"; };
		FB3464902458A3DF008C4E1B /* ProfileUserNotLogged.swift */ = {isa = PBXFileReference; lastKnownFileType = sourcecode.swift; path = ProfileUserNotLogged.swift; sourceTree = "<group>"; };
		FB35A28E2450B5DA0021B880 /* GoogleService-Info.plist */ = {isa = PBXFileReference; fileEncoding = 4; lastKnownFileType = text.plist.xml; path = "GoogleService-Info.plist"; sourceTree = "<group>"; };
		FB3AA5A224391A1A00905753 /* ImageProvider.swift */ = {isa = PBXFileReference; lastKnownFileType = sourcecode.swift; path = ImageProvider.swift; sourceTree = "<group>"; };
		FB78A528244F7898004BCB30 /* credentials.plist */ = {isa = PBXFileReference; lastKnownFileType = text.plist.xml; name = credentials.plist; path = OMDb/Utilities/Resources/credentials.plist; sourceTree = SOURCE_ROOT; };
		FB78A52A244F9847004BCB30 /* ProfileViewController.swift */ = {isa = PBXFileReference; lastKnownFileType = sourcecode.swift; path = ProfileViewController.swift; sourceTree = "<group>"; };
		FB78A52C244F9988004BCB30 /* Profile.swift */ = {isa = PBXFileReference; lastKnownFileType = sourcecode.swift; path = Profile.swift; sourceTree = "<group>"; };
		FB78A52E244F9A22004BCB30 /* Session.swift */ = {isa = PBXFileReference; lastKnownFileType = sourcecode.swift; path = Session.swift; sourceTree = "<group>"; };
		FB78A531244FA124004BCB30 /* SessionBarButtonItem.swift */ = {isa = PBXFileReference; lastKnownFileType = sourcecode.swift; path = SessionBarButtonItem.swift; sourceTree = "<group>"; };
		FB78A534244FB9CA004BCB30 /* UserPresenters.swift */ = {isa = PBXFileReference; lastKnownFileType = sourcecode.swift; path = UserPresenters.swift; sourceTree = "<group>"; };
		FB7E21F32460B6FB00F0BD6D /* ProfileLoggedView.xib */ = {isa = PBXFileReference; lastKnownFileType = file.xib; path = ProfileLoggedView.xib; sourceTree = "<group>"; };
		FB8203A72460BE23006648E1 /* ProfileHeader.xib */ = {isa = PBXFileReference; lastKnownFileType = file.xib; path = ProfileHeader.xib; sourceTree = "<group>"; };
		FB8203A92460BE34006648E1 /* ProfileHeader.swift */ = {isa = PBXFileReference; lastKnownFileType = sourcecode.swift; path = ProfileHeader.swift; sourceTree = "<group>"; };
		FB8203AB2460C45F006648E1 /* ProfileHeaderPresenter.swift */ = {isa = PBXFileReference; lastKnownFileType = sourcecode.swift; path = ProfileHeaderPresenter.swift; sourceTree = "<group>"; };
		FB8203AD2460C9E0006648E1 /* ProfilePresenter.swift */ = {isa = PBXFileReference; lastKnownFileType = sourcecode.swift; path = ProfilePresenter.swift; sourceTree = "<group>"; };
		FB835AE82439370D00966925 /* UpdaterResults.swift */ = {isa = PBXFileReference; lastKnownFileType = sourcecode.swift; path = UpdaterResults.swift; sourceTree = "<group>"; };
		FB835AEA2439380400966925 /* OMDB+UISearchBarDelegate.swift */ = {isa = PBXFileReference; lastKnownFileType = sourcecode.swift; path = "OMDB+UISearchBarDelegate.swift"; sourceTree = "<group>"; };
		FB835AEC243952CD00966925 /* LayoutBarButton.swift */ = {isa = PBXFileReference; lastKnownFileType = sourcecode.swift; path = LayoutBarButton.swift; sourceTree = "<group>"; };
		FB88E4332460CCC700A4E0EC /* ProfileUserNotLoggedPresenter.swift */ = {isa = PBXFileReference; lastKnownFileType = sourcecode.swift; path = ProfileUserNotLoggedPresenter.swift; sourceTree = "<group>"; };
		FBAB3F4D2460B3F40082E933 /* ProfileLoggedView.swift */ = {isa = PBXFileReference; lastKnownFileType = sourcecode.swift; path = ProfileLoggedView.swift; sourceTree = "<group>"; };
		FBD3BECD2450F59300E420D1 /* OMDb.entitlements */ = {isa = PBXFileReference; lastKnownFileType = text.plist.entitlements; path = OMDb.entitlements; sourceTree = "<group>"; };
		FBD76B6524395AC200F81F9A /* DetailMediaViewController.swift */ = {isa = PBXFileReference; lastKnownFileType = sourcecode.swift; path = DetailMediaViewController.swift; sourceTree = "<group>"; };
		FBE7DFF02438E488007514C1 /* OMDb.app */ = {isa = PBXFileReference; explicitFileType = wrapper.application; includeInIndex = 0; path = OMDb.app; sourceTree = BUILT_PRODUCTS_DIR; };
		FBE7DFF32438E488007514C1 /* AppDelegate.swift */ = {isa = PBXFileReference; lastKnownFileType = sourcecode.swift; path = AppDelegate.swift; sourceTree = "<group>"; };
		FBE7DFF52438E488007514C1 /* SceneDelegate.swift */ = {isa = PBXFileReference; lastKnownFileType = sourcecode.swift; path = SceneDelegate.swift; sourceTree = "<group>"; };
		FBE7DFF72438E488007514C1 /* ViewController.swift */ = {isa = PBXFileReference; lastKnownFileType = sourcecode.swift; path = ViewController.swift; sourceTree = "<group>"; };
		FBE7DFFA2438E488007514C1 /* Base */ = {isa = PBXFileReference; lastKnownFileType = file.storyboard; name = Base; path = Base.lproj/Main.storyboard; sourceTree = "<group>"; };
		FBE7DFFC2438E489007514C1 /* Assets.xcassets */ = {isa = PBXFileReference; lastKnownFileType = folder.assetcatalog; path = Assets.xcassets; sourceTree = "<group>"; };
		FBE7DFFF2438E489007514C1 /* Base */ = {isa = PBXFileReference; lastKnownFileType = file.storyboard; name = Base; path = Base.lproj/LaunchScreen.storyboard; sourceTree = "<group>"; };
		FBE7E0012438E489007514C1 /* Info.plist */ = {isa = PBXFileReference; lastKnownFileType = text.plist.xml; path = Info.plist; sourceTree = "<group>"; };
		FBE7E0062438E48A007514C1 /* OMDbTests.xctest */ = {isa = PBXFileReference; explicitFileType = wrapper.cfbundle; includeInIndex = 0; path = OMDbTests.xctest; sourceTree = BUILT_PRODUCTS_DIR; };
		FBE7E00A2438E48A007514C1 /* OMDbTests.swift */ = {isa = PBXFileReference; lastKnownFileType = sourcecode.swift; path = OMDbTests.swift; sourceTree = "<group>"; };
		FBE7E00C2438E48A007514C1 /* Info.plist */ = {isa = PBXFileReference; lastKnownFileType = text.plist.xml; path = Info.plist; sourceTree = "<group>"; };
		FBE7E0172438E590007514C1 /* RequestFactory.swift */ = {isa = PBXFileReference; lastKnownFileType = sourcecode.swift; path = RequestFactory.swift; sourceTree = "<group>"; };
		FBE7E0192438E5B8007514C1 /* API_Interface.swift */ = {isa = PBXFileReference; lastKnownFileType = sourcecode.swift; path = API_Interface.swift; sourceTree = "<group>"; };
		FBE7E01B2438E653007514C1 /* OMBDB_API.swift */ = {isa = PBXFileReference; lastKnownFileType = sourcecode.swift; path = OMBDB_API.swift; sourceTree = "<group>"; };
		FBE7E01F2438F125007514C1 /* Media.swift */ = {isa = PBXFileReference; lastKnownFileType = sourcecode.swift; path = Media.swift; sourceTree = "<group>"; };
		FBE7E0222439002C007514C1 /* OmdbRequestsFactory.swift */ = {isa = PBXFileReference; lastKnownFileType = sourcecode.swift; path = OmdbRequestsFactory.swift; sourceTree = "<group>"; };
		FBE7E0252439044A007514C1 /* sampleMedia.json */ = {isa = PBXFileReference; lastKnownFileType = text.json; path = sampleMedia.json; sourceTree = "<group>"; };
		FBE7E028243907DC007514C1 /* ColumnFlowLayout.swift */ = {isa = PBXFileReference; lastKnownFileType = sourcecode.swift; path = ColumnFlowLayout.swift; sourceTree = "<group>"; };
		FBE7E02C24390A6D007514C1 /* MediaViewCollectionViewCell.xib */ = {isa = PBXFileReference; lastKnownFileType = file.xib; path = MediaViewCollectionViewCell.xib; sourceTree = "<group>"; };
		FBE7E02E24390AD9007514C1 /* MediaViewCollectionViewCell.swift */ = {isa = PBXFileReference; lastKnownFileType = sourcecode.swift; path = MediaViewCollectionViewCell.swift; sourceTree = "<group>"; };
/* End PBXFileReference section */

/* Begin PBXFrameworksBuildPhase section */
		FBE7DFED2438E488007514C1 /* Frameworks */ = {
			isa = PBXFrameworksBuildPhase;
			buildActionMask = 2147483647;
			files = (
				EB31FA0328D6B0083FF77AAC /* Pods_OMDb.framework in Frameworks */,
			);
			runOnlyForDeploymentPostprocessing = 0;
		};
		FBE7E0032438E48A007514C1 /* Frameworks */ = {
			isa = PBXFrameworksBuildPhase;
			buildActionMask = 2147483647;
			files = (
				FED40BAEB8B5BB511FBB9667 /* Pods_OMDbTests.framework in Frameworks */,
			);
			runOnlyForDeploymentPostprocessing = 0;
		};
/* End PBXFrameworksBuildPhase section */

/* Begin PBXGroup section */
		201E5661E58D3033E5D70430 /* Frameworks */ = {
			isa = PBXGroup;
			children = (
				5D296A0F2D56196C2D1767F8 /* Pods_OMDb.framework */,
				F992DAE4978C5FA12596E141 /* Pods_OMDbTests.framework */,
			);
			name = Frameworks;
			sourceTree = "<group>";
		};
		A096CB779D07E9A7A1688F40 /* Pods */ = {
			isa = PBXGroup;
			children = (
				A601F45608810D4A204186D2 /* Pods-OMDb.debug.xcconfig */,
				F2CAFA0199CE3D3FBB82B507 /* Pods-OMDb.release.xcconfig */,
				6250E04733D87AE77E257383 /* Pods-OMDbTests.debug.xcconfig */,
				E50909DE805132C947C1BCDD /* Pods-OMDbTests.release.xcconfig */,
			);
			path = Pods;
			sourceTree = "<group>";
		};
		FB34647A24579AB6008C4E1B /* Text */ = {
			isa = PBXGroup;
			children = (
				FB34647B24579AFD008C4E1B /* TextFactory.swift */,
			);
			path = Text;
			sourceTree = "<group>";
		};
		FB34647E2457AE2A008C4E1B /* Text Box */ = {
			isa = PBXGroup;
			children = (
				FB34647F2457AE64008C4E1B /* FeatureTextBox.xib */,
				FB3464812457B13F008C4E1B /* FeatureTextBox.swift */,
				FB3464832457B335008C4E1B /* TextFactoryTextBox.swift */,
			);
			path = "Text Box";
			sourceTree = "<group>";
		};
		FB34648D2458A3B3008C4E1B /* Profile */ = {
			isa = PBXGroup;
			children = (
				FB88E4322460CCA500A4E0EC /* Presenters */,
				FB34648E2458A3CE008C4E1B /* ProfileUserNotLogged.xib */,
				FB3464902458A3DF008C4E1B /* ProfileUserNotLogged.swift */,
				FBAB3F4D2460B3F40082E933 /* ProfileLoggedView.swift */,
				FB7E21F32460B6FB00F0BD6D /* ProfileLoggedView.xib */,
			);
			path = Profile;
			sourceTree = "<group>";
		};
		FB78A530244FA101004BCB30 /* Buttons */ = {
			isa = PBXGroup;
			children = (
				FB835AEC243952CD00966925 /* LayoutBarButton.swift */,
				FB78A531244FA124004BCB30 /* SessionBarButtonItem.swift */,
				FB3464852457CD87008C4E1B /* NormalButton.xib */,
				FB3464892457CDED008C4E1B /* NormalButton.swift */,
				FB34648B2457CE4F008C4E1B /* FactoryButton.swift */,
			);
			path = Buttons;
			sourceTree = "<group>";
		};
		FB78A533244FB9B9004BCB30 /* Presenters */ = {
			isa = PBXGroup;
			children = (
				FB3AA5A224391A1A00905753 /* ImageProvider.swift */,
				FB835AE82439370D00966925 /* UpdaterResults.swift */,
				FB835AEA2439380400966925 /* OMDB+UISearchBarDelegate.swift */,
				FB2360202439815B00601D8E /* MapSearcher.swift */,
				FB78A534244FB9CA004BCB30 /* UserPresenters.swift */,
			);
			path = Presenters;
			sourceTree = "<group>";
		};
		FB78A5362450856F004BCB30 /* BusinessModel */ = {
			isa = PBXGroup;
			children = (
				FB78A52E244F9A22004BCB30 /* Session.swift */,
				FBE7E0212438F1F3007514C1 /* Network */,
			);
			path = BusinessModel;
			sourceTree = "<group>";
		};
		FB7F9A17246208B3003470DE /* Cells */ = {
			isa = PBXGroup;
			children = (
				FBE7E02C24390A6D007514C1 /* MediaViewCollectionViewCell.xib */,
				FBE7E02E24390AD9007514C1 /* MediaViewCollectionViewCell.swift */,
			);
			path = Cells;
			sourceTree = "<group>";
		};
		FB88E4322460CCA500A4E0EC /* Presenters */ = {
			isa = PBXGroup;
			children = (
				FB8203AB2460C45F006648E1 /* ProfileHeaderPresenter.swift */,
				FB8203AD2460C9E0006648E1 /* ProfilePresenter.swift */,
				FB88E4332460CCC700A4E0EC /* ProfileUserNotLoggedPresenter.swift */,
			);
			path = Presenters;
			sourceTree = "<group>";
		};
		FBAB3F4F2460B4B40082E933 /* Headers  */ = {
			isa = PBXGroup;
			children = (
				FB8203A72460BE23006648E1 /* ProfileHeader.xib */,
				FB8203A92460BE34006648E1 /* ProfileHeader.swift */,
			);
			path = "Headers ";
			sourceTree = "<group>";
		};
		FBD76B6424395A9E00F81F9A /* ViewController */ = {
			isa = PBXGroup;
			children = (
				FBE7DFF72438E488007514C1 /* ViewController.swift */,
				FBD76B6524395AC200F81F9A /* DetailMediaViewController.swift */,
				FB78A52A244F9847004BCB30 /* ProfileViewController.swift */,
				FB346478245787BC008C4E1B /* IntroViewController.swift */,
			);
			path = ViewController;
			sourceTree = "<group>";
		};
		FBE7DFE72438E488007514C1 = {
			isa = PBXGroup;
			children = (
				FBE7DFF22438E488007514C1 /* OMDb */,
				FBE7E0092438E48A007514C1 /* OMDbTests */,
				FBE7DFF12438E488007514C1 /* Products */,
				A096CB779D07E9A7A1688F40 /* Pods */,
				201E5661E58D3033E5D70430 /* Frameworks */,
			);
			sourceTree = "<group>";
		};
		FBE7DFF12438E488007514C1 /* Products */ = {
			isa = PBXGroup;
			children = (
				FBE7DFF02438E488007514C1 /* OMDb.app */,
				FBE7E0062438E48A007514C1 /* OMDbTests.xctest */,
			);
			name = Products;
			sourceTree = "<group>";
		};
		FBE7DFF22438E488007514C1 /* OMDb */ = {
			isa = PBXGroup;
			children = (
				FBD3BECD2450F59300E420D1 /* OMDb.entitlements */,
				FBE7E0162438E577007514C1 /* Utilities */,
				FBE7E0152438E56F007514C1 /* Model */,
				FBE7E027243907AA007514C1 /* View */,
				FBD76B6424395A9E00F81F9A /* ViewController */,
				FBE7DFF32438E488007514C1 /* AppDelegate.swift */,
				FBE7DFF52438E488007514C1 /* SceneDelegate.swift */,
				FBE7DFF92438E488007514C1 /* Main.storyboard */,
				FBE7DFFC2438E489007514C1 /* Assets.xcassets */,
				FBE7DFFE2438E489007514C1 /* LaunchScreen.storyboard */,
				FBE7E0012438E489007514C1 /* Info.plist */,
			);
			path = OMDb;
			sourceTree = "<group>";
		};
		FBE7E0092438E48A007514C1 /* OMDbTests */ = {
			isa = PBXGroup;
			children = (
				FBE7E00A2438E48A007514C1 /* OMDbTests.swift */,
				FBE7E00C2438E48A007514C1 /* Info.plist */,
			);
			path = OMDbTests;
			sourceTree = "<group>";
		};
		FBE7E0152438E56F007514C1 /* Model */ = {
			isa = PBXGroup;
			children = (
				FB78A5362450856F004BCB30 /* BusinessModel */,
				FBE7E01F2438F125007514C1 /* Media.swift */,
				FB78A52C244F9988004BCB30 /* Profile.swift */,
			);
			path = Model;
			sourceTree = "<group>";
		};
		FBE7E0162438E577007514C1 /* Utilities */ = {
			isa = PBXGroup;
			children = (
				FBE7E024243903C0007514C1 /* Resources */,
				FBE7E0172438E590007514C1 /* RequestFactory.swift */,
				FBE7E0192438E5B8007514C1 /* API_Interface.swift */,
			);
			path = Utilities;
			sourceTree = "<group>";
		};
		FBE7E0212438F1F3007514C1 /* Network */ = {
			isa = PBXGroup;
			children = (
				FBE7E01B2438E653007514C1 /* OMBDB_API.swift */,
				FBE7E0222439002C007514C1 /* OmdbRequestsFactory.swift */,
			);
			path = Network;
			sourceTree = "<group>";
		};
		FBE7E024243903C0007514C1 /* Resources */ = {
			isa = PBXGroup;
			children = (
				FB35A28E2450B5DA0021B880 /* GoogleService-Info.plist */,
				FB78A528244F7898004BCB30 /* credentials.plist */,
				FBE7E0252439044A007514C1 /* sampleMedia.json */,
			);
			path = Resources;
			sourceTree = "<group>";
		};
		FBE7E027243907AA007514C1 /* View */ = {
			isa = PBXGroup;
			children = (
				FB7F9A17246208B3003470DE /* Cells */,
				FB78A533244FB9B9004BCB30 /* Presenters */,
				FB34648D2458A3B3008C4E1B /* Profile */,
				FBAB3F4F2460B4B40082E933 /* Headers  */,
				FB34647E2457AE2A008C4E1B /* Text Box */,
				FB34647A24579AB6008C4E1B /* Text */,
				FB78A530244FA101004BCB30 /* Buttons */,
				FBE7E028243907DC007514C1 /* ColumnFlowLayout.swift */,
				FB23601E243971F000601D8E /* PropertyCollectionViewCell.swift */,
			);
			path = View;
			sourceTree = "<group>";
		};
/* End PBXGroup section */

/* Begin PBXNativeTarget section */
		FBE7DFEF2438E488007514C1 /* OMDb */ = {
			isa = PBXNativeTarget;
			buildConfigurationList = FBE7E00F2438E48A007514C1 /* Build configuration list for PBXNativeTarget "OMDb" */;
			buildPhases = (
				C5A207F4568A7D6D4B5072E2 /* [CP] Check Pods Manifest.lock */,
				FBE7DFEC2438E488007514C1 /* Sources */,
				FBE7DFED2438E488007514C1 /* Frameworks */,
				FBE7DFEE2438E488007514C1 /* Resources */,
				69D8F81087C921CE25AA0EF5 /* [CP] Embed Pods Frameworks */,
				D6E22A769CE3F400E9285489 /* [CP] Copy Pods Resources */,
			);
			buildRules = (
			);
			dependencies = (
			);
			name = OMDb;
			productName = OMDb;
			productReference = FBE7DFF02438E488007514C1 /* OMDb.app */;
			productType = "com.apple.product-type.application";
		};
		FBE7E0052438E48A007514C1 /* OMDbTests */ = {
			isa = PBXNativeTarget;
			buildConfigurationList = FBE7E0122438E48A007514C1 /* Build configuration list for PBXNativeTarget "OMDbTests" */;
			buildPhases = (
				083CD5BCD66BF454866DFC9E /* [CP] Check Pods Manifest.lock */,
				FBE7E0022438E48A007514C1 /* Sources */,
				FBE7E0032438E48A007514C1 /* Frameworks */,
				FBE7E0042438E48A007514C1 /* Resources */,
			);
			buildRules = (
			);
			dependencies = (
				FBE7E0082438E48A007514C1 /* PBXTargetDependency */,
			);
			name = OMDbTests;
			productName = OMDbTests;
			productReference = FBE7E0062438E48A007514C1 /* OMDbTests.xctest */;
			productType = "com.apple.product-type.bundle.unit-test";
		};
/* End PBXNativeTarget section */

/* Begin PBXProject section */
		FBE7DFE82438E488007514C1 /* Project object */ = {
			isa = PBXProject;
			attributes = {
				LastSwiftUpdateCheck = 1140;
				LastUpgradeCheck = 1140;
				ORGANIZATIONNAME = dansTeam;
				TargetAttributes = {
					FBE7DFEF2438E488007514C1 = {
						CreatedOnToolsVersion = 11.4;
					};
					FBE7E0052438E48A007514C1 = {
						CreatedOnToolsVersion = 11.4;
						TestTargetID = FBE7DFEF2438E488007514C1;
					};
				};
			};
			buildConfigurationList = FBE7DFEB2438E488007514C1 /* Build configuration list for PBXProject "OMDb" */;
			compatibilityVersion = "Xcode 9.3";
			developmentRegion = en;
			hasScannedForEncodings = 0;
			knownRegions = (
				en,
				Base,
			);
			mainGroup = FBE7DFE72438E488007514C1;
			productRefGroup = FBE7DFF12438E488007514C1 /* Products */;
			projectDirPath = "";
			projectRoot = "";
			targets = (
				FBE7DFEF2438E488007514C1 /* OMDb */,
				FBE7E0052438E48A007514C1 /* OMDbTests */,
			);
		};
/* End PBXProject section */

/* Begin PBXResourcesBuildPhase section */
		FBE7DFEE2438E488007514C1 /* Resources */ = {
			isa = PBXResourcesBuildPhase;
			buildActionMask = 2147483647;
			files = (
				FBE7E02D24390A6D007514C1 /* MediaViewCollectionViewCell.xib in Resources */,
				FB3464862457CD87008C4E1B /* NormalButton.xib in Resources */,
				FB7E21F42460B6FB00F0BD6D /* ProfileLoggedView.xib in Resources */,
				FB78A529244F7899004BCB30 /* credentials.plist in Resources */,
				FBE7E0002438E489007514C1 /* LaunchScreen.storyboard in Resources */,
				FBE7DFFD2438E489007514C1 /* Assets.xcassets in Resources */,
				FBE7E0262439044A007514C1 /* sampleMedia.json in Resources */,
				FB34648F2458A3CE008C4E1B /* ProfileUserNotLogged.xib in Resources */,
				FB8203A82460BE23006648E1 /* ProfileHeader.xib in Resources */,
				FB3464802457AE64008C4E1B /* FeatureTextBox.xib in Resources */,
				FBE7DFFB2438E488007514C1 /* Main.storyboard in Resources */,
				FB35A28F2450B5DA0021B880 /* GoogleService-Info.plist in Resources */,
			);
			runOnlyForDeploymentPostprocessing = 0;
		};
		FBE7E0042438E48A007514C1 /* Resources */ = {
			isa = PBXResourcesBuildPhase;
			buildActionMask = 2147483647;
			files = (
			);
			runOnlyForDeploymentPostprocessing = 0;
		};
/* End PBXResourcesBuildPhase section */

/* Begin PBXShellScriptBuildPhase section */
		083CD5BCD66BF454866DFC9E /* [CP] Check Pods Manifest.lock */ = {
			isa = PBXShellScriptBuildPhase;
			buildActionMask = 2147483647;
			files = (
			);
			inputFileListPaths = (
			);
			inputPaths = (
				"${PODS_PODFILE_DIR_PATH}/Podfile.lock",
				"${PODS_ROOT}/Manifest.lock",
			);
			name = "[CP] Check Pods Manifest.lock";
			outputFileListPaths = (
			);
			outputPaths = (
				"$(DERIVED_FILE_DIR)/Pods-OMDbTests-checkManifestLockResult.txt",
			);
			runOnlyForDeploymentPostprocessing = 0;
			shellPath = /bin/sh;
			shellScript = "diff \"${PODS_PODFILE_DIR_PATH}/Podfile.lock\" \"${PODS_ROOT}/Manifest.lock\" > /dev/null\nif [ $? != 0 ] ; then\n    # print error to STDERR\n    echo \"error: The sandbox is not in sync with the Podfile.lock. Run 'pod install' or update your CocoaPods installation.\" >&2\n    exit 1\nfi\n# This output is used by Xcode 'outputs' to avoid re-running this script phase.\necho \"SUCCESS\" > \"${SCRIPT_OUTPUT_FILE_0}\"\n";
			showEnvVarsInLog = 0;
		};
		69D8F81087C921CE25AA0EF5 /* [CP] Embed Pods Frameworks */ = {
			isa = PBXShellScriptBuildPhase;
			buildActionMask = 2147483647;
			files = (
			);
			inputFileListPaths = (
				"${PODS_ROOT}/Target Support Files/Pods-OMDb/Pods-OMDb-frameworks-${CONFIGURATION}-input-files.xcfilelist",
			);
			name = "[CP] Embed Pods Frameworks";
			outputFileListPaths = (
				"${PODS_ROOT}/Target Support Files/Pods-OMDb/Pods-OMDb-frameworks-${CONFIGURATION}-output-files.xcfilelist",
			);
			runOnlyForDeploymentPostprocessing = 0;
			shellPath = /bin/sh;
			shellScript = "\"${PODS_ROOT}/Target Support Files/Pods-OMDb/Pods-OMDb-frameworks.sh\"\n";
			showEnvVarsInLog = 0;
		};
		C5A207F4568A7D6D4B5072E2 /* [CP] Check Pods Manifest.lock */ = {
			isa = PBXShellScriptBuildPhase;
			buildActionMask = 2147483647;
			files = (
			);
			inputFileListPaths = (
			);
			inputPaths = (
				"${PODS_PODFILE_DIR_PATH}/Podfile.lock",
				"${PODS_ROOT}/Manifest.lock",
			);
			name = "[CP] Check Pods Manifest.lock";
			outputFileListPaths = (
			);
			outputPaths = (
				"$(DERIVED_FILE_DIR)/Pods-OMDb-checkManifestLockResult.txt",
			);
			runOnlyForDeploymentPostprocessing = 0;
			shellPath = /bin/sh;
			shellScript = "diff \"${PODS_PODFILE_DIR_PATH}/Podfile.lock\" \"${PODS_ROOT}/Manifest.lock\" > /dev/null\nif [ $? != 0 ] ; then\n    # print error to STDERR\n    echo \"error: The sandbox is not in sync with the Podfile.lock. Run 'pod install' or update your CocoaPods installation.\" >&2\n    exit 1\nfi\n# This output is used by Xcode 'outputs' to avoid re-running this script phase.\necho \"SUCCESS\" > \"${SCRIPT_OUTPUT_FILE_0}\"\n";
			showEnvVarsInLog = 0;
		};
		D6E22A769CE3F400E9285489 /* [CP] Copy Pods Resources */ = {
			isa = PBXShellScriptBuildPhase;
			buildActionMask = 2147483647;
			files = (
			);
			inputFileListPaths = (
				"${PODS_ROOT}/Target Support Files/Pods-OMDb/Pods-OMDb-resources-${CONFIGURATION}-input-files.xcfilelist",
			);
			name = "[CP] Copy Pods Resources";
			outputFileListPaths = (
				"${PODS_ROOT}/Target Support Files/Pods-OMDb/Pods-OMDb-resources-${CONFIGURATION}-output-files.xcfilelist",
			);
			runOnlyForDeploymentPostprocessing = 0;
			shellPath = /bin/sh;
			shellScript = "\"${PODS_ROOT}/Target Support Files/Pods-OMDb/Pods-OMDb-resources.sh\"\n";
			showEnvVarsInLog = 0;
		};
/* End PBXShellScriptBuildPhase section */

/* Begin PBXSourcesBuildPhase section */
		FBE7DFEC2438E488007514C1 /* Sources */ = {
			isa = PBXSourcesBuildPhase;
			buildActionMask = 2147483647;
			files = (
				FB346479245787BC008C4E1B /* IntroViewController.swift in Sources */,
				FB34647C24579AFD008C4E1B /* TextFactory.swift in Sources */,
				FB78A52F244F9A22004BCB30 /* Session.swift in Sources */,
				FB2360212439815B00601D8E /* MapSearcher.swift in Sources */,
				FB78A532244FA124004BCB30 /* SessionBarButtonItem.swift in Sources */,
				FB78A535244FB9CB004BCB30 /* UserPresenters.swift in Sources */,
				FBE7E0182438E590007514C1 /* RequestFactory.swift in Sources */,
				FB3464822457B13F008C4E1B /* FeatureTextBox.swift in Sources */,
				FB3AA5A324391A1A00905753 /* ImageProvider.swift in Sources */,
				FB8203AC2460C45F006648E1 /* ProfileHeaderPresenter.swift in Sources */,
				FB835AE92439370D00966925 /* UpdaterResults.swift in Sources */,
				FB8203AE2460C9E0006648E1 /* ProfilePresenter.swift in Sources */,
				FB3464842457B335008C4E1B /* TextFactoryTextBox.swift in Sources */,
				FB835AEB2439380400966925 /* OMDB+UISearchBarDelegate.swift in Sources */,
				FBE7E029243907DC007514C1 /* ColumnFlowLayout.swift in Sources */,
				FB3464912458A3DF008C4E1B /* ProfileUserNotLogged.swift in Sources */,
				FB78A52B244F9847004BCB30 /* ProfileViewController.swift in Sources */,
				FBE7DFF82438E488007514C1 /* ViewController.swift in Sources */,
				FBE7E0232439002C007514C1 /* OmdbRequestsFactory.swift in Sources */,
				FBAB3F4E2460B3F40082E933 /* ProfileLoggedView.swift in Sources */,
				FB835AED243952CD00966925 /* LayoutBarButton.swift in Sources */,
				FB34648A2457CDED008C4E1B /* NormalButton.swift in Sources */,
				FBE7E0202438F125007514C1 /* Media.swift in Sources */,
				FBD76B6624395AC200F81F9A /* DetailMediaViewController.swift in Sources */,
				FBE7E02F24390AD9007514C1 /* MediaViewCollectionViewCell.swift in Sources */,
				FB88E4342460CCC700A4E0EC /* ProfileUserNotLoggedPresenter.swift in Sources */,
				FBE7DFF42438E488007514C1 /* AppDelegate.swift in Sources */,
				FBE7E01A2438E5B8007514C1 /* API_Interface.swift in Sources */,
				FBE7DFF62438E488007514C1 /* SceneDelegate.swift in Sources */,
				FB8203AA2460BE34006648E1 /* ProfileHeader.swift in Sources */,
				FB78A52D244F9988004BCB30 /* Profile.swift in Sources */,
				FB23601F243971F000601D8E /* PropertyCollectionViewCell.swift in Sources */,
				FB34648C2457CE4F008C4E1B /* FactoryButton.swift in Sources */,
				FBE7E01C2438E653007514C1 /* OMBDB_API.swift in Sources */,
			);
			runOnlyForDeploymentPostprocessing = 0;
		};
		FBE7E0022438E48A007514C1 /* Sources */ = {
			isa = PBXSourcesBuildPhase;
			buildActionMask = 2147483647;
			files = (
				FBE7E00B2438E48A007514C1 /* OMDbTests.swift in Sources */,
			);
			runOnlyForDeploymentPostprocessing = 0;
		};
/* End PBXSourcesBuildPhase section */

/* Begin PBXTargetDependency section */
		FBE7E0082438E48A007514C1 /* PBXTargetDependency */ = {
			isa = PBXTargetDependency;
			target = FBE7DFEF2438E488007514C1 /* OMDb */;
			targetProxy = FBE7E0072438E48A007514C1 /* PBXContainerItemProxy */;
		};
/* End PBXTargetDependency section */

/* Begin PBXVariantGroup section */
		FBE7DFF92438E488007514C1 /* Main.storyboard */ = {
			isa = PBXVariantGroup;
			children = (
				FBE7DFFA2438E488007514C1 /* Base */,
			);
			name = Main.storyboard;
			sourceTree = "<group>";
		};
		FBE7DFFE2438E489007514C1 /* LaunchScreen.storyboard */ = {
			isa = PBXVariantGroup;
			children = (
				FBE7DFFF2438E489007514C1 /* Base */,
			);
			name = LaunchScreen.storyboard;
			sourceTree = "<group>";
		};
/* End PBXVariantGroup section */

/* Begin XCBuildConfiguration section */
		FBE7E00D2438E48A007514C1 /* Debug */ = {
			isa = XCBuildConfiguration;
			buildSettings = {
				ALWAYS_SEARCH_USER_PATHS = NO;
				CLANG_ANALYZER_NONNULL = YES;
				CLANG_ANALYZER_NUMBER_OBJECT_CONVERSION = YES_AGGRESSIVE;
				CLANG_CXX_LANGUAGE_STANDARD = "gnu++14";
				CLANG_CXX_LIBRARY = "libc++";
				CLANG_ENABLE_MODULES = YES;
				CLANG_ENABLE_OBJC_ARC = YES;
				CLANG_ENABLE_OBJC_WEAK = YES;
				CLANG_WARN_BLOCK_CAPTURE_AUTORELEASING = YES;
				CLANG_WARN_BOOL_CONVERSION = YES;
				CLANG_WARN_COMMA = YES;
				CLANG_WARN_CONSTANT_CONVERSION = YES;
				CLANG_WARN_DEPRECATED_OBJC_IMPLEMENTATIONS = YES;
				CLANG_WARN_DIRECT_OBJC_ISA_USAGE = YES_ERROR;
				CLANG_WARN_DOCUMENTATION_COMMENTS = YES;
				CLANG_WARN_EMPTY_BODY = YES;
				CLANG_WARN_ENUM_CONVERSION = YES;
				CLANG_WARN_INFINITE_RECURSION = YES;
				CLANG_WARN_INT_CONVERSION = YES;
				CLANG_WARN_NON_LITERAL_NULL_CONVERSION = YES;
				CLANG_WARN_OBJC_IMPLICIT_RETAIN_SELF = YES;
				CLANG_WARN_OBJC_LITERAL_CONVERSION = YES;
				CLANG_WARN_OBJC_ROOT_CLASS = YES_ERROR;
				CLANG_WARN_RANGE_LOOP_ANALYSIS = YES;
				CLANG_WARN_STRICT_PROTOTYPES = YES;
				CLANG_WARN_SUSPICIOUS_MOVE = YES;
				CLANG_WARN_UNGUARDED_AVAILABILITY = YES_AGGRESSIVE;
				CLANG_WARN_UNREACHABLE_CODE = YES;
				CLANG_WARN__DUPLICATE_METHOD_MATCH = YES;
				COPY_PHASE_STRIP = NO;
				DEBUG_INFORMATION_FORMAT = dwarf;
				ENABLE_STRICT_OBJC_MSGSEND = YES;
				ENABLE_TESTABILITY = YES;
				GCC_C_LANGUAGE_STANDARD = gnu11;
				GCC_DYNAMIC_NO_PIC = NO;
				GCC_NO_COMMON_BLOCKS = YES;
				GCC_OPTIMIZATION_LEVEL = 0;
				GCC_PREPROCESSOR_DEFINITIONS = (
					"DEBUG=1",
					"$(inherited)",
				);
				GCC_WARN_64_TO_32_BIT_CONVERSION = YES;
				GCC_WARN_ABOUT_RETURN_TYPE = YES_ERROR;
				GCC_WARN_UNDECLARED_SELECTOR = YES;
				GCC_WARN_UNINITIALIZED_AUTOS = YES_AGGRESSIVE;
				GCC_WARN_UNUSED_FUNCTION = YES;
				GCC_WARN_UNUSED_VARIABLE = YES;
				IPHONEOS_DEPLOYMENT_TARGET = 13.4;
				MTL_ENABLE_DEBUG_INFO = INCLUDE_SOURCE;
				MTL_FAST_MATH = YES;
				ONLY_ACTIVE_ARCH = YES;
				SDKROOT = iphoneos;
				SWIFT_ACTIVE_COMPILATION_CONDITIONS = DEBUG;
				SWIFT_OPTIMIZATION_LEVEL = "-Onone";
			};
			name = Debug;
		};
		FBE7E00E2438E48A007514C1 /* Release */ = {
			isa = XCBuildConfiguration;
			buildSettings = {
				ALWAYS_SEARCH_USER_PATHS = NO;
				CLANG_ANALYZER_NONNULL = YES;
				CLANG_ANALYZER_NUMBER_OBJECT_CONVERSION = YES_AGGRESSIVE;
				CLANG_CXX_LANGUAGE_STANDARD = "gnu++14";
				CLANG_CXX_LIBRARY = "libc++";
				CLANG_ENABLE_MODULES = YES;
				CLANG_ENABLE_OBJC_ARC = YES;
				CLANG_ENABLE_OBJC_WEAK = YES;
				CLANG_WARN_BLOCK_CAPTURE_AUTORELEASING = YES;
				CLANG_WARN_BOOL_CONVERSION = YES;
				CLANG_WARN_COMMA = YES;
				CLANG_WARN_CONSTANT_CONVERSION = YES;
				CLANG_WARN_DEPRECATED_OBJC_IMPLEMENTATIONS = YES;
				CLANG_WARN_DIRECT_OBJC_ISA_USAGE = YES_ERROR;
				CLANG_WARN_DOCUMENTATION_COMMENTS = YES;
				CLANG_WARN_EMPTY_BODY = YES;
				CLANG_WARN_ENUM_CONVERSION = YES;
				CLANG_WARN_INFINITE_RECURSION = YES;
				CLANG_WARN_INT_CONVERSION = YES;
				CLANG_WARN_NON_LITERAL_NULL_CONVERSION = YES;
				CLANG_WARN_OBJC_IMPLICIT_RETAIN_SELF = YES;
				CLANG_WARN_OBJC_LITERAL_CONVERSION = YES;
				CLANG_WARN_OBJC_ROOT_CLASS = YES_ERROR;
				CLANG_WARN_RANGE_LOOP_ANALYSIS = YES;
				CLANG_WARN_STRICT_PROTOTYPES = YES;
				CLANG_WARN_SUSPICIOUS_MOVE = YES;
				CLANG_WARN_UNGUARDED_AVAILABILITY = YES_AGGRESSIVE;
				CLANG_WARN_UNREACHABLE_CODE = YES;
				CLANG_WARN__DUPLICATE_METHOD_MATCH = YES;
				COPY_PHASE_STRIP = NO;
				DEBUG_INFORMATION_FORMAT = "dwarf-with-dsym";
				ENABLE_NS_ASSERTIONS = NO;
				ENABLE_STRICT_OBJC_MSGSEND = YES;
				GCC_C_LANGUAGE_STANDARD = gnu11;
				GCC_NO_COMMON_BLOCKS = YES;
				GCC_WARN_64_TO_32_BIT_CONVERSION = YES;
				GCC_WARN_ABOUT_RETURN_TYPE = YES_ERROR;
				GCC_WARN_UNDECLARED_SELECTOR = YES;
				GCC_WARN_UNINITIALIZED_AUTOS = YES_AGGRESSIVE;
				GCC_WARN_UNUSED_FUNCTION = YES;
				GCC_WARN_UNUSED_VARIABLE = YES;
				IPHONEOS_DEPLOYMENT_TARGET = 13.4;
				MTL_ENABLE_DEBUG_INFO = NO;
				MTL_FAST_MATH = YES;
				SDKROOT = iphoneos;
				SWIFT_COMPILATION_MODE = wholemodule;
				SWIFT_OPTIMIZATION_LEVEL = "-O";
				VALIDATE_PRODUCT = YES;
			};
			name = Release;
		};
		FBE7E0102438E48A007514C1 /* Debug */ = {
			isa = XCBuildConfiguration;
			baseConfigurationReference = A601F45608810D4A204186D2 /* Pods-OMDb.debug.xcconfig */;
			buildSettings = {
				ASSETCATALOG_COMPILER_APPICON_NAME = AppIcon;
				CODE_SIGN_ENTITLEMENTS = OMDb/OMDb.entitlements;
				CODE_SIGN_IDENTITY = "iPhone Developer: Daniel Torres (4A94UZ6M9A)";
				CODE_SIGN_STYLE = Manual;
				DEVELOPMENT_TEAM = AEWQUX8MPM;
				INFOPLIST_FILE = OMDb/Info.plist;
				IPHONEOS_DEPLOYMENT_TARGET = 13.0;
				LD_RUNPATH_SEARCH_PATHS = (
					"$(inherited)",
					"@executable_path/Frameworks",
				);
				PRODUCT_BUNDLE_IDENTIFIER = com.dansTeam.OMDb;
				PRODUCT_NAME = "$(TARGET_NAME)";
				PROVISIONING_PROFILE_SPECIFIER = "AEWQUX8MPM-Omdb-iOS-Dev";
				SWIFT_VERSION = 5.0;
				TARGETED_DEVICE_FAMILY = 1;
			};
			name = Debug;
		};
		FBE7E0112438E48A007514C1 /* Release */ = {
			isa = XCBuildConfiguration;
			baseConfigurationReference = F2CAFA0199CE3D3FBB82B507 /* Pods-OMDb.release.xcconfig */;
			buildSettings = {
				ASSETCATALOG_COMPILER_APPICON_NAME = AppIcon;
				CODE_SIGN_ENTITLEMENTS = OMDb/OMDb.entitlements;
				CODE_SIGN_IDENTITY = "iPhone Developer: Daniel Torres (4A94UZ6M9A)";
				CODE_SIGN_STYLE = Manual;
				DEVELOPMENT_TEAM = AEWQUX8MPM;
				INFOPLIST_FILE = OMDb/Info.plist;
				IPHONEOS_DEPLOYMENT_TARGET = 13.0;
				LD_RUNPATH_SEARCH_PATHS = (
					"$(inherited)",
					"@executable_path/Frameworks",
				);
				PRODUCT_BUNDLE_IDENTIFIER = com.dansTeam.OMDb;
				PRODUCT_NAME = "$(TARGET_NAME)";
				PROVISIONING_PROFILE_SPECIFIER = "AEWQUX8MPM-Omdb-iOS-Dev";
				SWIFT_VERSION = 5.0;
				TARGETED_DEVICE_FAMILY = 1;
			};
			name = Release;
		};
		FBE7E0132438E48A007514C1 /* Debug */ = {
			isa = XCBuildConfiguration;
			baseConfigurationReference = 6250E04733D87AE77E257383 /* Pods-OMDbTests.debug.xcconfig */;
			buildSettings = {
				ALWAYS_EMBED_SWIFT_STANDARD_LIBRARIES = YES;
				BUNDLE_LOADER = "$(TEST_HOST)";
				CODE_SIGN_STYLE = Automatic;
				DEVELOPMENT_TEAM = AEWQUX8MPM;
				INFOPLIST_FILE = OMDbTests/Info.plist;
				IPHONEOS_DEPLOYMENT_TARGET = 13.4;
				LD_RUNPATH_SEARCH_PATHS = (
					"$(inherited)",
					"@executable_path/Frameworks",
					"@loader_path/Frameworks",
				);
				PRODUCT_BUNDLE_IDENTIFIER = com.dansTeam.OMDbTests;
				PRODUCT_NAME = "$(TARGET_NAME)";
				SWIFT_VERSION = 5.0;
				TARGETED_DEVICE_FAMILY = "1,2";
				TEST_HOST = "$(BUILT_PRODUCTS_DIR)/OMDb.app/OMDb";
			};
			name = Debug;
		};
		FBE7E0142438E48A007514C1 /* Release */ = {
			isa = XCBuildConfiguration;
			baseConfigurationReference = E50909DE805132C947C1BCDD /* Pods-OMDbTests.release.xcconfig */;
			buildSettings = {
				ALWAYS_EMBED_SWIFT_STANDARD_LIBRARIES = YES;
				BUNDLE_LOADER = "$(TEST_HOST)";
				CODE_SIGN_STYLE = Automatic;
				DEVELOPMENT_TEAM = AEWQUX8MPM;
				INFOPLIST_FILE = OMDbTests/Info.plist;
				IPHONEOS_DEPLOYMENT_TARGET = 13.4;
				LD_RUNPATH_SEARCH_PATHS = (
					"$(inherited)",
					"@executable_path/Frameworks",
					"@loader_path/Frameworks",
				);
				PRODUCT_BUNDLE_IDENTIFIER = com.dansTeam.OMDbTests;
				PRODUCT_NAME = "$(TARGET_NAME)";
				SWIFT_VERSION = 5.0;
				TARGETED_DEVICE_FAMILY = "1,2";
				TEST_HOST = "$(BUILT_PRODUCTS_DIR)/OMDb.app/OMDb";
			};
			name = Release;
		};
/* End XCBuildConfiguration section */

/* Begin XCConfigurationList section */
		FBE7DFEB2438E488007514C1 /* Build configuration list for PBXProject "OMDb" */ = {
			isa = XCConfigurationList;
			buildConfigurations = (
				FBE7E00D2438E48A007514C1 /* Debug */,
				FBE7E00E2438E48A007514C1 /* Release */,
			);
			defaultConfigurationIsVisible = 0;
			defaultConfigurationName = Release;
		};
		FBE7E00F2438E48A007514C1 /* Build configuration list for PBXNativeTarget "OMDb" */ = {
			isa = XCConfigurationList;
			buildConfigurations = (
				FBE7E0102438E48A007514C1 /* Debug */,
				FBE7E0112438E48A007514C1 /* Release */,
			);
			defaultConfigurationIsVisible = 0;
			defaultConfigurationName = Release;
		};
		FBE7E0122438E48A007514C1 /* Build configuration list for PBXNativeTarget "OMDbTests" */ = {
			isa = XCConfigurationList;
			buildConfigurations = (
				FBE7E0132438E48A007514C1 /* Debug */,
				FBE7E0142438E48A007514C1 /* Release */,
			);
			defaultConfigurationIsVisible = 0;
			defaultConfigurationName = Release;
		};
/* End XCConfigurationList section */
	};
	rootObject = FBE7DFE82438E488007514C1 /* Project object */;
}
